
Microsoft Visual Studio Solution File, Format Version 12.00
# Visual Studio Version 17
VisualStudioVersion = 17.2.32616.157
MinimumVisualStudioVersion = 10.0.40219.1
Project("{FAE04EC0-301F-11D3-BF4B-00C04F79EFBC}") = "SpravceUloh", "SpravceUloh\SpravceUloh.csproj", "{2BCE939D-9BDB-4A4A-9C66-D1524CF9B6D7}"
EndProject
Global
	GlobalSection(SolutionConfigurationPlatforms) = preSolution
		Debug|Any CPU = Debug|Any CPU
		Release|Any CPU = Release|Any CPU
	EndGlobalSection
	GlobalSection(ProjectConfigurationPlatforms) = postSolution
		{2BCE939D-9BDB-4A4A-9C66-D1524CF9B6D7}.Debug|Any CPU.ActiveCfg = Debug|Any CPU
		{2BCE939D-9BDB-4A4A-9C66-D1524CF9B6D7}.Debug|Any CPU.Build.0 = Debug|Any CPU
		{2BCE939D-9BDB-4A4A-9C66-D1524CF9B6D7}.Release|Any CPU.ActiveCfg = Release|Any CPU
		{2BCE939D-9BDB-4A4A-9C66-D1524CF9B6D7}.Release|Any CPU.Build.0 = Release|Any CPU
	EndGlobalSection
	GlobalSection(SolutionProperties) = preSolution
		HideSolutionNode = FALSE
	EndGlobalSection
	GlobalSection(ExtensibilityGlobals) = postSolution
		SolutionGuid = {3493A7E2-4584-4596-8C7B-510AB2E7B648}
	EndGlobalSection
EndGlobal
